
Microsoft Visual Studio Solution File, Format Version 12.00
# Visual Studio Version 17
VisualStudioVersion = 17.4.33205.214
MinimumVisualStudioVersion = 10.0.40219.1
Project("{FAE04EC0-301F-11D3-BF4B-00C04F79EFBC}") = "URI 1113", "URI 1113\URI 1113.csproj", "{92F1BCF6-3432-4796-A4B8-3A6A0CD6A9B1}"
EndProject
Global
	GlobalSection(SolutionConfigurationPlatforms) = preSolution
		Debug|Any CPU = Debug|Any CPU
		Release|Any CPU = Release|Any CPU
	EndGlobalSection
	GlobalSection(ProjectConfigurationPlatforms) = postSolution
		{92F1BCF6-3432-4796-A4B8-3A6A0CD6A9B1}.Debug|Any CPU.ActiveCfg = Debug|Any CPU
		{92F1BCF6-3432-4796-A4B8-3A6A0CD6A9B1}.Debug|Any CPU.Build.0 = Debug|Any CPU
		{92F1BCF6-3432-4796-A4B8-3A6A0CD6A9B1}.Release|Any CPU.ActiveCfg = Release|Any CPU
		{92F1BCF6-3432-4796-A4B8-3A6A0CD6A9B1}.Release|Any CPU.Build.0 = Release|Any CPU
	EndGlobalSection
	GlobalSection(SolutionProperties) = preSolution
		HideSolutionNode = FALSE
	EndGlobalSection
	GlobalSection(ExtensibilityGlobals) = postSolution
		SolutionGuid = {5FC2641B-41EF-4BA4-88AC-7E8A3D993FC1}
	EndGlobalSection
EndGlobal
