
Microsoft Visual Studio Solution File, Format Version 12.00
# Visual Studio Version 17
VisualStudioVersion = 17.4.33205.214
MinimumVisualStudioVersion = 10.0.40219.1
Project("{FAE04EC0-301F-11D3-BF4B-00C04F79EFBC}") = "Exercicio_Vetores_4", "Exercicio_Vetores_4\Exercicio_Vetores_4.csproj", "{2EAA1F2B-B9C4-4054-936B-F4B4052843D2}"
EndProject
Global
	GlobalSection(SolutionConfigurationPlatforms) = preSolution
		Debug|Any CPU = Debug|Any CPU
		Release|Any CPU = Release|Any CPU
	EndGlobalSection
	GlobalSection(ProjectConfigurationPlatforms) = postSolution
		{2EAA1F2B-B9C4-4054-936B-F4B4052843D2}.Debug|Any CPU.ActiveCfg = Debug|Any CPU
		{2EAA1F2B-B9C4-4054-936B-F4B4052843D2}.Debug|Any CPU.Build.0 = Debug|Any CPU
		{2EAA1F2B-B9C4-4054-936B-F4B4052843D2}.Release|Any CPU.ActiveCfg = Release|Any CPU
		{2EAA1F2B-B9C4-4054-936B-F4B4052843D2}.Release|Any CPU.Build.0 = Release|Any CPU
	EndGlobalSection
	GlobalSection(SolutionProperties) = preSolution
		HideSolutionNode = FALSE
	EndGlobalSection
	GlobalSection(ExtensibilityGlobals) = postSolution
		SolutionGuid = {6AA2D290-9700-4753-84C7-CB9DD426B9F1}
	EndGlobalSection
EndGlobal
