
Microsoft Visual Studio Solution File, Format Version 12.00
# Visual Studio Version 17
VisualStudioVersion = 17.4.33205.214
MinimumVisualStudioVersion = 10.0.40219.1
Project("{FAE04EC0-301F-11D3-BF4B-00C04F79EFBC}") = "URI 1046", "URI 1046\URI 1046.csproj", "{BD5D28F4-C0D5-4F9D-9DB8-8B3F1CFF8DDA}"
EndProject
Global
	GlobalSection(SolutionConfigurationPlatforms) = preSolution
		Debug|Any CPU = Debug|Any CPU
		Release|Any CPU = Release|Any CPU
	EndGlobalSection
	GlobalSection(ProjectConfigurationPlatforms) = postSolution
		{BD5D28F4-C0D5-4F9D-9DB8-8B3F1CFF8DDA}.Debug|Any CPU.ActiveCfg = Debug|Any CPU
		{BD5D28F4-C0D5-4F9D-9DB8-8B3F1CFF8DDA}.Debug|Any CPU.Build.0 = Debug|Any CPU
		{BD5D28F4-C0D5-4F9D-9DB8-8B3F1CFF8DDA}.Release|Any CPU.ActiveCfg = Release|Any CPU
		{BD5D28F4-C0D5-4F9D-9DB8-8B3F1CFF8DDA}.Release|Any CPU.Build.0 = Release|Any CPU
	EndGlobalSection
	GlobalSection(SolutionProperties) = preSolution
		HideSolutionNode = FALSE
	EndGlobalSection
	GlobalSection(ExtensibilityGlobals) = postSolution
		SolutionGuid = {A4A1DF2B-E33F-4796-BD9B-AB47FEC6E020}
	EndGlobalSection
EndGlobal
