
Microsoft Visual Studio Solution File, Format Version 12.00
# Visual Studio Version 17
VisualStudioVersion = 17.4.33205.214
MinimumVisualStudioVersion = 10.0.40219.1
Project("{FAE04EC0-301F-11D3-BF4B-00C04F79EFBC}") = "URI 1041", "URI 1041\URI 1041.csproj", "{E6CE9959-91C6-4F1F-A59B-1A60A0FBC0FC}"
EndProject
Global
	GlobalSection(SolutionConfigurationPlatforms) = preSolution
		Debug|Any CPU = Debug|Any CPU
		Release|Any CPU = Release|Any CPU
	EndGlobalSection
	GlobalSection(ProjectConfigurationPlatforms) = postSolution
		{E6CE9959-91C6-4F1F-A59B-1A60A0FBC0FC}.Debug|Any CPU.ActiveCfg = Debug|Any CPU
		{E6CE9959-91C6-4F1F-A59B-1A60A0FBC0FC}.Debug|Any CPU.Build.0 = Debug|Any CPU
		{E6CE9959-91C6-4F1F-A59B-1A60A0FBC0FC}.Release|Any CPU.ActiveCfg = Release|Any CPU
		{E6CE9959-91C6-4F1F-A59B-1A60A0FBC0FC}.Release|Any CPU.Build.0 = Release|Any CPU
	EndGlobalSection
	GlobalSection(SolutionProperties) = preSolution
		HideSolutionNode = FALSE
	EndGlobalSection
	GlobalSection(ExtensibilityGlobals) = postSolution
		SolutionGuid = {51395611-83C5-42DC-9AA4-201CC5A0D3BA}
	EndGlobalSection
EndGlobal
