
Microsoft Visual Studio Solution File, Format Version 12.00
# Visual Studio Version 17
VisualStudioVersion = 17.4.33205.214
MinimumVisualStudioVersion = 10.0.40219.1
Project("{FAE04EC0-301F-11D3-BF4B-00C04F79EFBC}") = "Exercicio_Vetores2", "Exercicio_Vetores2\Exercicio_Vetores2.csproj", "{2D41F4A8-D345-4323-A985-21526AEF8FAE}"
EndProject
Global
	GlobalSection(SolutionConfigurationPlatforms) = preSolution
		Debug|Any CPU = Debug|Any CPU
		Release|Any CPU = Release|Any CPU
	EndGlobalSection
	GlobalSection(ProjectConfigurationPlatforms) = postSolution
		{2D41F4A8-D345-4323-A985-21526AEF8FAE}.Debug|Any CPU.ActiveCfg = Debug|Any CPU
		{2D41F4A8-D345-4323-A985-21526AEF8FAE}.Debug|Any CPU.Build.0 = Debug|Any CPU
		{2D41F4A8-D345-4323-A985-21526AEF8FAE}.Release|Any CPU.ActiveCfg = Release|Any CPU
		{2D41F4A8-D345-4323-A985-21526AEF8FAE}.Release|Any CPU.Build.0 = Release|Any CPU
	EndGlobalSection
	GlobalSection(SolutionProperties) = preSolution
		HideSolutionNode = FALSE
	EndGlobalSection
	GlobalSection(ExtensibilityGlobals) = postSolution
		SolutionGuid = {B8E24655-60E6-42C1-97BA-D4AF68F41D17}
	EndGlobalSection
EndGlobal
