
Microsoft Visual Studio Solution File, Format Version 12.00
# Visual Studio Version 17
VisualStudioVersion = 17.4.33205.214
MinimumVisualStudioVersion = 10.0.40219.1
Project("{FAE04EC0-301F-11D3-BF4B-00C04F79EFBC}") = "URI 1007", "URI 1007\URI 1007.csproj", "{023AE88F-2274-4573-9AF6-CD7D15BD771A}"
EndProject
Global
	GlobalSection(SolutionConfigurationPlatforms) = preSolution
		Debug|Any CPU = Debug|Any CPU
		Release|Any CPU = Release|Any CPU
	EndGlobalSection
	GlobalSection(ProjectConfigurationPlatforms) = postSolution
		{023AE88F-2274-4573-9AF6-CD7D15BD771A}.Debug|Any CPU.ActiveCfg = Debug|Any CPU
		{023AE88F-2274-4573-9AF6-CD7D15BD771A}.Debug|Any CPU.Build.0 = Debug|Any CPU
		{023AE88F-2274-4573-9AF6-CD7D15BD771A}.Release|Any CPU.ActiveCfg = Release|Any CPU
		{023AE88F-2274-4573-9AF6-CD7D15BD771A}.Release|Any CPU.Build.0 = Release|Any CPU
	EndGlobalSection
	GlobalSection(SolutionProperties) = preSolution
		HideSolutionNode = FALSE
	EndGlobalSection
	GlobalSection(ExtensibilityGlobals) = postSolution
		SolutionGuid = {02F947F3-B45B-4824-ABCF-BEA3217FB585}
	EndGlobalSection
EndGlobal
