
Microsoft Visual Studio Solution File, Format Version 12.00
# Visual Studio Version 17
VisualStudioVersion = 17.4.33205.214
MinimumVisualStudioVersion = 10.0.40219.1
Project("{FAE04EC0-301F-11D3-BF4B-00C04F79EFBC}") = "URI 1013", "URI 1013\URI 1013.csproj", "{01C11182-D14E-425C-B9A6-E7952AAFE136}"
EndProject
Global
	GlobalSection(SolutionConfigurationPlatforms) = preSolution
		Debug|Any CPU = Debug|Any CPU
		Release|Any CPU = Release|Any CPU
	EndGlobalSection
	GlobalSection(ProjectConfigurationPlatforms) = postSolution
		{01C11182-D14E-425C-B9A6-E7952AAFE136}.Debug|Any CPU.ActiveCfg = Debug|Any CPU
		{01C11182-D14E-425C-B9A6-E7952AAFE136}.Debug|Any CPU.Build.0 = Debug|Any CPU
		{01C11182-D14E-425C-B9A6-E7952AAFE136}.Release|Any CPU.ActiveCfg = Release|Any CPU
		{01C11182-D14E-425C-B9A6-E7952AAFE136}.Release|Any CPU.Build.0 = Release|Any CPU
	EndGlobalSection
	GlobalSection(SolutionProperties) = preSolution
		HideSolutionNode = FALSE
	EndGlobalSection
	GlobalSection(ExtensibilityGlobals) = postSolution
		SolutionGuid = {28BC63C4-7A22-417A-9565-84DF43AF1E05}
	EndGlobalSection
EndGlobal
