
Microsoft Visual Studio Solution File, Format Version 12.00
# Visual Studio Version 17
VisualStudioVersion = 17.4.33205.214
MinimumVisualStudioVersion = 10.0.40219.1
Project("{FAE04EC0-301F-11D3-BF4B-00C04F79EFBC}") = "URI 1035", "URI 1035\URI 1035.csproj", "{144F35C3-4B78-4AF6-ADC6-409A69C8F964}"
EndProject
Global
	GlobalSection(SolutionConfigurationPlatforms) = preSolution
		Debug|Any CPU = Debug|Any CPU
		Release|Any CPU = Release|Any CPU
	EndGlobalSection
	GlobalSection(ProjectConfigurationPlatforms) = postSolution
		{144F35C3-4B78-4AF6-ADC6-409A69C8F964}.Debug|Any CPU.ActiveCfg = Debug|Any CPU
		{144F35C3-4B78-4AF6-ADC6-409A69C8F964}.Debug|Any CPU.Build.0 = Debug|Any CPU
		{144F35C3-4B78-4AF6-ADC6-409A69C8F964}.Release|Any CPU.ActiveCfg = Release|Any CPU
		{144F35C3-4B78-4AF6-ADC6-409A69C8F964}.Release|Any CPU.Build.0 = Release|Any CPU
	EndGlobalSection
	GlobalSection(SolutionProperties) = preSolution
		HideSolutionNode = FALSE
	EndGlobalSection
	GlobalSection(ExtensibilityGlobals) = postSolution
		SolutionGuid = {62B0FA18-EDDF-4198-964D-D8E9C5D05535}
	EndGlobalSection
EndGlobal
