
Microsoft Visual Studio Solution File, Format Version 12.00
# Visual Studio Version 17
VisualStudioVersion = 17.4.33205.214
MinimumVisualStudioVersion = 10.0.40219.1
Project("{FAE04EC0-301F-11D3-BF4B-00C04F79EFBC}") = "URI 1001", "URI 1001\URI 1001.csproj", "{30CE0D73-B06B-4831-A533-7C54C267BDCE}"
EndProject
Global
	GlobalSection(SolutionConfigurationPlatforms) = preSolution
		Debug|Any CPU = Debug|Any CPU
		Release|Any CPU = Release|Any CPU
	EndGlobalSection
	GlobalSection(ProjectConfigurationPlatforms) = postSolution
		{30CE0D73-B06B-4831-A533-7C54C267BDCE}.Debug|Any CPU.ActiveCfg = Debug|Any CPU
		{30CE0D73-B06B-4831-A533-7C54C267BDCE}.Debug|Any CPU.Build.0 = Debug|Any CPU
		{30CE0D73-B06B-4831-A533-7C54C267BDCE}.Release|Any CPU.ActiveCfg = Release|Any CPU
		{30CE0D73-B06B-4831-A533-7C54C267BDCE}.Release|Any CPU.Build.0 = Release|Any CPU
	EndGlobalSection
	GlobalSection(SolutionProperties) = preSolution
		HideSolutionNode = FALSE
	EndGlobalSection
	GlobalSection(ExtensibilityGlobals) = postSolution
		SolutionGuid = {D665E5A0-4ADF-4309-9FC4-349B7F84C5C2}
	EndGlobalSection
EndGlobal
