
Microsoft Visual Studio Solution File, Format Version 12.00
# Visual Studio Version 17
VisualStudioVersion = 17.4.33205.214
MinimumVisualStudioVersion = 10.0.40219.1
Project("{FAE04EC0-301F-11D3-BF4B-00C04F79EFBC}") = "Exercicio_Vetores_8", "Exercicio_Vetores_8\Exercicio_Vetores_8.csproj", "{8A92E0F6-5FF0-4658-BA58-2DD5BFD1ADBF}"
EndProject
Global
	GlobalSection(SolutionConfigurationPlatforms) = preSolution
		Debug|Any CPU = Debug|Any CPU
		Release|Any CPU = Release|Any CPU
	EndGlobalSection
	GlobalSection(ProjectConfigurationPlatforms) = postSolution
		{8A92E0F6-5FF0-4658-BA58-2DD5BFD1ADBF}.Debug|Any CPU.ActiveCfg = Debug|Any CPU
		{8A92E0F6-5FF0-4658-BA58-2DD5BFD1ADBF}.Debug|Any CPU.Build.0 = Debug|Any CPU
		{8A92E0F6-5FF0-4658-BA58-2DD5BFD1ADBF}.Release|Any CPU.ActiveCfg = Release|Any CPU
		{8A92E0F6-5FF0-4658-BA58-2DD5BFD1ADBF}.Release|Any CPU.Build.0 = Release|Any CPU
	EndGlobalSection
	GlobalSection(SolutionProperties) = preSolution
		HideSolutionNode = FALSE
	EndGlobalSection
	GlobalSection(ExtensibilityGlobals) = postSolution
		SolutionGuid = {D6743937-82C1-4FCB-BCC8-1C289E48FD18}
	EndGlobalSection
EndGlobal
