
Microsoft Visual Studio Solution File, Format Version 12.00
# Visual Studio Version 17
VisualStudioVersion = 17.4.33205.214
MinimumVisualStudioVersion = 10.0.40219.1
Project("{FAE04EC0-301F-11D3-BF4B-00C04F79EFBC}") = "Estrutura_Rep_Enquanto_While", "Estrutura_Rep_Enquanto_While\Estrutura_Rep_Enquanto_While.csproj", "{7C9A8503-F729-41D0-BB12-90E735A4CE09}"
EndProject
Global
	GlobalSection(SolutionConfigurationPlatforms) = preSolution
		Debug|Any CPU = Debug|Any CPU
		Release|Any CPU = Release|Any CPU
	EndGlobalSection
	GlobalSection(ProjectConfigurationPlatforms) = postSolution
		{7C9A8503-F729-41D0-BB12-90E735A4CE09}.Debug|Any CPU.ActiveCfg = Debug|Any CPU
		{7C9A8503-F729-41D0-BB12-90E735A4CE09}.Debug|Any CPU.Build.0 = Debug|Any CPU
		{7C9A8503-F729-41D0-BB12-90E735A4CE09}.Release|Any CPU.ActiveCfg = Release|Any CPU
		{7C9A8503-F729-41D0-BB12-90E735A4CE09}.Release|Any CPU.Build.0 = Release|Any CPU
	EndGlobalSection
	GlobalSection(SolutionProperties) = preSolution
		HideSolutionNode = FALSE
	EndGlobalSection
	GlobalSection(ExtensibilityGlobals) = postSolution
		SolutionGuid = {07C781E5-42B4-466A-920D-A672233A9366}
	EndGlobalSection
EndGlobal
